// !$*UTF8*$!
{
	archiveVersion = 1;
	classes = {
	};
	objectVersion = 46;
	objects = {

/* Begin PBXBuildFile section */
		176380FB1521B9F000BF24A4 /* UIKit.framework in Frameworks */ = {isa = PBXBuildFile; fileRef = 176380FA1521B9F000BF24A4 /* UIKit.framework */; };
		176380FD1521B9F000BF24A4 /* Foundation.framework in Frameworks */ = {isa = PBXBuildFile; fileRef = 176380FC1521B9F000BF24A4 /* Foundation.framework */; };
		176380FF1521B9F000BF24A4 /* CoreGraphics.framework in Frameworks */ = {isa = PBXBuildFile; fileRef = 176380FE1521B9F000BF24A4 /* CoreGraphics.framework */; };
		176381051521B9F000BF24A4 /* InfoPlist.strings in Resources */ = {isa = PBXBuildFile; fileRef = 176381031521B9F000BF24A4 /* InfoPlist.strings */; };
		176381071521B9F000BF24A4 /* main.m in Sources */ = {isa = PBXBuildFile; fileRef = 176381061521B9F000BF24A4 /* main.m */; };
		1763810B1521B9F000BF24A4 /* AppDelegate.m in Sources */ = {isa = PBXBuildFile; fileRef = 1763810A1521B9F000BF24A4 /* AppDelegate.m */; };
		1763810E1521B9F000BF24A4 /* MainStoryboard.storyboard in Resources */ = {isa = PBXBuildFile; fileRef = 1763810C1521B9F000BF24A4 /* MainStoryboard.storyboard */; };
		176381111521B9F000BF24A4 /* FMViewController.m in Sources */ = {isa = PBXBuildFile; fileRef = 176381101521B9F000BF24A4 /* FMViewController.m */; };
		176381221521BBF800BF24A4 /* FMMoveTableView.m in Sources */ = {isa = PBXBuildFile; fileRef = 1763811F1521BBF800BF24A4 /* FMMoveTableView.m */; };
		176381231521BBF800BF24A4 /* FMMoveTableViewCell.m in Sources */ = {isa = PBXBuildFile; fileRef = 176381211521BBF800BF24A4 /* FMMoveTableViewCell.m */; };
		176381261521BCBF00BF24A4 /* QuartzCore.framework in Frameworks */ = {isa = PBXBuildFile; fileRef = 176381251521BCBF00BF24A4 /* QuartzCore.framework */; };
		176381281521BD8900BF24A4 /* Movies.plist in Resources */ = {isa = PBXBuildFile; fileRef = 176381271521BD8900BF24A4 /* Movies.plist */; };
		176381371521E5EC00BF24A4 /* README.markdown in Resources */ = {isa = PBXBuildFile; fileRef = 176381361521E5EC00BF24A4 /* README.markdown */; };
		17BC8164166CE93D0054B68F /* Default.png in Resources */ = {isa = PBXBuildFile; fileRef = 17BC8163166CE93D0054B68F /* Default.png */; };
		17BC8166166CE9490054B68F /* Default@2x.png in Resources */ = {isa = PBXBuildFile; fileRef = 17BC8165166CE9490054B68F /* Default@2x.png */; };
		17BC8168166CE94C0054B68F /* Default-568h@2x.png in Resources */ = {isa = PBXBuildFile; fileRef = 17BC8167166CE94C0054B68F /* Default-568h@2x.png */; };
/* End PBXBuildFile section */

/* Begin PBXFileReference section */
		176380F61521B9F000BF24A4 /* FMMoveTable.app */ = {isa = PBXFileReference; explicitFileType = wrapper.application; includeInIndex = 0; path = FMMoveTable.app; sourceTree = BUILT_PRODUCTS_DIR; };
		176380FA1521B9F000BF24A4 /* UIKit.framework */ = {isa = PBXFileReference; lastKnownFileType = wrapper.framework; name = UIKit.framework; path = System/Library/Frameworks/UIKit.framework; sourceTree = SDKROOT; };
		176380FC1521B9F000BF24A4 /* Foundation.framework */ = {isa = PBXFileReference; lastKnownFileType = wrapper.framework; name = Foundation.framework; path = System/Library/Frameworks/Foundation.framework; sourceTree = SDKROOT; };
		176380FE1521B9F000BF24A4 /* CoreGraphics.framework */ = {isa = PBXFileReference; lastKnownFileType = wrapper.framework; name = CoreGraphics.framework; path = System/Library/Frameworks/CoreGraphics.framework; sourceTree = SDKROOT; };
		176381021521B9F000BF24A4 /* Info.plist */ = {isa = PBXFileReference; lastKnownFileType = text.plist.xml; path = Info.plist; sourceTree = "<group>"; };
		176381041521B9F000BF24A4 /* en */ = {isa = PBXFileReference; lastKnownFileType = text.plist.strings; name = en; path = en.lproj/InfoPlist.strings; sourceTree = "<group>"; };
		176381061521B9F000BF24A4 /* main.m */ = {isa = PBXFileReference; lastKnownFileType = sourcecode.c.objc; path = main.m; sourceTree = "<group>"; };
		176381081521B9F000BF24A4 /* Prefix.pch */ = {isa = PBXFileReference; lastKnownFileType = sourcecode.c.h; path = Prefix.pch; sourceTree = "<group>"; };
		176381091521B9F000BF24A4 /* AppDelegate.h */ = {isa = PBXFileReference; lastKnownFileType = sourcecode.c.h; name = AppDelegate.h; path = Classes/AppDelegate.h; sourceTree = "<group>"; };
		1763810A1521B9F000BF24A4 /* AppDelegate.m */ = {isa = PBXFileReference; lastKnownFileType = sourcecode.c.objc; name = AppDelegate.m; path = Classes/AppDelegate.m; sourceTree = "<group>"; };
		1763810D1521B9F000BF24A4 /* en */ = {isa = PBXFileReference; lastKnownFileType = file.storyboard; name = en; path = en.lproj/MainStoryboard.storyboard; sourceTree = "<group>"; };
		1763810F1521B9F000BF24A4 /* FMViewController.h */ = {isa = PBXFileReference; lastKnownFileType = sourcecode.c.h; name = FMViewController.h; path = Classes/FMViewController.h; sourceTree = "<group>"; };
		176381101521B9F000BF24A4 /* FMViewController.m */ = {isa = PBXFileReference; lastKnownFileType = sourcecode.c.objc; name = FMViewController.m; path = Classes/FMViewController.m; sourceTree = "<group>"; };
		1763811E1521BBF800BF24A4 /* FMMoveTableView.h */ = {isa = PBXFileReference; fileEncoding = 4; lastKnownFileType = sourcecode.c.h; name = FMMoveTableView.h; path = ../FMFramework/FMMoveTableView.h; sourceTree = "<group>"; };
		1763811F1521BBF800BF24A4 /* FMMoveTableView.m */ = {isa = PBXFileReference; fileEncoding = 4; lastKnownFileType = sourcecode.c.objc; name = FMMoveTableView.m; path = ../FMFramework/FMMoveTableView.m; sourceTree = "<group>"; };
		176381201521BBF800BF24A4 /* FMMoveTableViewCell.h */ = {isa = PBXFileReference; fileEncoding = 4; lastKnownFileType = sourcecode.c.h; name = FMMoveTableViewCell.h; path = ../FMFramework/FMMoveTableViewCell.h; sourceTree = "<group>"; };
		176381211521BBF800BF24A4 /* FMMoveTableViewCell.m */ = {isa = PBXFileReference; fileEncoding = 4; lastKnownFileType = sourcecode.c.objc; name = FMMoveTableViewCell.m; path = ../FMFramework/FMMoveTableViewCell.m; sourceTree = "<group>"; };
		176381251521BCBF00BF24A4 /* QuartzCore.framework */ = {isa = PBXFileReference; lastKnownFileType = wrapper.framework; name = QuartzCore.framework; path = System/Library/Frameworks/QuartzCore.framework; sourceTree = SDKROOT; };
		176381271521BD8900BF24A4 /* Movies.plist */ = {isa = PBXFileReference; fileEncoding = 4; lastKnownFileType = text.plist.xml; name = Movies.plist; path = FMMoveTable/Movies.plist; sourceTree = "<group>"; };
		176381361521E5EC00BF24A4 /* README.markdown */ = {isa = PBXFileReference; fileEncoding = 4; lastKnownFileType = text; path = README.markdown; sourceTree = SOURCE_ROOT; };
		17BC8163166CE93D0054B68F /* Default.png */ = {isa = PBXFileReference; lastKnownFileType = image.png; name = Default.png; path = FMMoveTable/Default.png; sourceTree = "<group>"; };
		17BC8165166CE9490054B68F /* Default@2x.png */ = {isa = PBXFileReference; lastKnownFileType = image.png; name = "Default@2x.png"; path = "FMMoveTable/Default@2x.png"; sourceTree = "<group>"; };
		17BC8167166CE94C0054B68F /* Default-568h@2x.png */ = {isa = PBXFileReference; lastKnownFileType = image.png; name = "Default-568h@2x.png"; path = "FMMoveTable/Default-568h@2x.png"; sourceTree = "<group>"; };
/* End PBXFileReference section */

/* Begin PBXFrameworksBuildPhase section */
		176380F31521B9F000BF24A4 /* Frameworks */ = {
			isa = PBXFrameworksBuildPhase;
			buildActionMask = 2147483647;
			files = (
				176381261521BCBF00BF24A4 /* QuartzCore.framework in Frameworks */,
				176380FB1521B9F000BF24A4 /* UIKit.framework in Frameworks */,
				176380FD1521B9F000BF24A4 /* Foundation.framework in Frameworks */,
				176380FF1521B9F000BF24A4 /* CoreGraphics.framework in Frameworks */,
			);
			runOnlyForDeploymentPostprocessing = 0;
		};
/* End PBXFrameworksBuildPhase section */

/* Begin PBXGroup section */
		176380EB1521B9F000BF24A4 = {
			isa = PBXGroup;
			children = (
				176381361521E5EC00BF24A4 /* README.markdown */,
				1763813C1521E62800BF24A4 /* Classes */,
				1763813D1521E7F400BF24A4 /* Resources */,
				176381011521B9F000BF24A4 /* Supporting Files */,
				176380F91521B9F000BF24A4 /* Frameworks */,
				176380F71521B9F000BF24A4 /* Products */,
			);
			sourceTree = "<group>";
		};
		176380F71521B9F000BF24A4 /* Products */ = {
			isa = PBXGroup;
			children = (
				176380F61521B9F000BF24A4 /* FMMoveTable.app */,
			);
			name = Products;
			sourceTree = "<group>";
		};
		176380F91521B9F000BF24A4 /* Frameworks */ = {
			isa = PBXGroup;
			children = (
				176381251521BCBF00BF24A4 /* QuartzCore.framework */,
				176380FA1521B9F000BF24A4 /* UIKit.framework */,
				176380FC1521B9F000BF24A4 /* Foundation.framework */,
				176380FE1521B9F000BF24A4 /* CoreGraphics.framework */,
			);
			name = Frameworks;
			sourceTree = "<group>";
		};
		176381011521B9F000BF24A4 /* Supporting Files */ = {
			isa = PBXGroup;
			children = (
				176381021521B9F000BF24A4 /* Info.plist */,
				176381031521B9F000BF24A4 /* InfoPlist.strings */,
				176381061521B9F000BF24A4 /* main.m */,
				176381081521B9F000BF24A4 /* Prefix.pch */,
			);
			name = "Supporting Files";
			path = FMMoveTable;
			sourceTree = "<group>";
		};
		176381171521BA3F00BF24A4 /* FMFramework */ = {
			isa = PBXGroup;
			children = (
				1763811E1521BBF800BF24A4 /* FMMoveTableView.h */,
				1763811F1521BBF800BF24A4 /* FMMoveTableView.m */,
				176381201521BBF800BF24A4 /* FMMoveTableViewCell.h */,
				176381211521BBF800BF24A4 /* FMMoveTableViewCell.m */,
			);
			name = FMFramework;
			sourceTree = "<group>";
		};
		176381241521BC0400BF24A4 /* Demo */ = {
			isa = PBXGroup;
			children = (
				1763810F1521B9F000BF24A4 /* FMViewController.h */,
				176381101521B9F000BF24A4 /* FMViewController.m */,
				176381091521B9F000BF24A4 /* AppDelegate.h */,
				1763810A1521B9F000BF24A4 /* AppDelegate.m */,
				1763810C1521B9F000BF24A4 /* MainStoryboard.storyboard */,
			);
			name = Demo;
			sourceTree = "<group>";
		};
		1763813C1521E62800BF24A4 /* Classes */ = {
			isa = PBXGroup;
			children = (
				176381241521BC0400BF24A4 /* Demo */,
				176381171521BA3F00BF24A4 /* FMFramework */,
			);
			name = Classes;
			path = FMMoveTable;
			sourceTree = "<group>";
		};
		1763813D1521E7F400BF24A4 /* Resources */ = {
			isa = PBXGroup;
			children = (
				176381271521BD8900BF24A4 /* Movies.plist */,
				17BC8163166CE93D0054B68F /* Default.png */,
				17BC8165166CE9490054B68F /* Default@2x.png */,
				17BC8167166CE94C0054B68F /* Default-568h@2x.png */,
			);
			name = Resources;
			sourceTree = "<group>";
		};
/* End PBXGroup section */

/* Begin PBXNativeTarget section */
		176380F51521B9F000BF24A4 /* FMMoveTable */ = {
			isa = PBXNativeTarget;
			buildConfigurationList = 176381141521B9F000BF24A4 /* Build configuration list for PBXNativeTarget "FMMoveTable" */;
			buildPhases = (
				176380F21521B9F000BF24A4 /* Sources */,
				176380F31521B9F000BF24A4 /* Frameworks */,
				176380F41521B9F000BF24A4 /* Resources */,
				176B06BE16DE2F1800DE405B /* ShellScript */,
			);
			buildRules = (
			);
			dependencies = (
			);
			name = FMMoveTable;
			productName = FMMoveTable;
			productReference = 176380F61521B9F000BF24A4 /* FMMoveTable.app */;
			productType = "com.apple.product-type.application";
		};
/* End PBXNativeTarget section */

/* Begin PBXProject section */
		176380ED1521B9F000BF24A4 /* Project object */ = {
			isa = PBXProject;
			attributes = {
				CLASSPREFIX = FM;
				LastUpgradeCheck = 0460;
			};
			buildConfigurationList = 176380F01521B9F000BF24A4 /* Build configuration list for PBXProject "FMMoveTable" */;
			compatibilityVersion = "Xcode 3.2";
			developmentRegion = English;
			hasScannedForEncodings = 0;
			knownRegions = (
				en,
			);
			mainGroup = 176380EB1521B9F000BF24A4;
			productRefGroup = 176380F71521B9F000BF24A4 /* Products */;
			projectDirPath = "";
			projectRoot = "";
			targets = (
				176380F51521B9F000BF24A4 /* FMMoveTable */,
			);
		};
/* End PBXProject section */

/* Begin PBXResourcesBuildPhase section */
		176380F41521B9F000BF24A4 /* Resources */ = {
			isa = PBXResourcesBuildPhase;
			buildActionMask = 2147483647;
			files = (
				176381051521B9F000BF24A4 /* InfoPlist.strings in Resources */,
				1763810E1521B9F000BF24A4 /* MainStoryboard.storyboard in Resources */,
				176381281521BD8900BF24A4 /* Movies.plist in Resources */,
				176381371521E5EC00BF24A4 /* README.markdown in Resources */,
				17BC8164166CE93D0054B68F /* Default.png in Resources */,
				17BC8166166CE9490054B68F /* Default@2x.png in Resources */,
				17BC8168166CE94C0054B68F /* Default-568h@2x.png in Resources */,
			);
			runOnlyForDeploymentPostprocessing = 0;
		};
/* End PBXResourcesBuildPhase section */

/* Begin PBXShellScriptBuildPhase section */
		176B06BE16DE2F1800DE405B /* ShellScript */ = {
			isa = PBXShellScriptBuildPhase;
			buildActionMask = 2147483647;
			files = (
			);
			inputPaths = (
			);
			outputPaths = (
			);
			runOnlyForDeploymentPostprocessing = 0;
			shellPath = /bin/sh;
			shellScript = "buildPlist=${INFOPLIST_FILE}\nbuildNumber=$(/usr/libexec/PlistBuddy -c \"Print CFBundleVersion\" $buildPlist)\nbuildNumber=$(($buildNumber + 1))\n/usr/libexec/PlistBuddy -c \"Set :CFBundleVersion $buildNumber\" $buildPlist";
		};
/* End PBXShellScriptBuildPhase section */

/* Begin PBXSourcesBuildPhase section */
		176380F21521B9F000BF24A4 /* Sources */ = {
			isa = PBXSourcesBuildPhase;
			buildActionMask = 2147483647;
			files = (
				176381071521B9F000BF24A4 /* main.m in Sources */,
				1763810B1521B9F000BF24A4 /* AppDelegate.m in Sources */,
				176381111521B9F000BF24A4 /* FMViewController.m in Sources */,
				176381221521BBF800BF24A4 /* FMMoveTableView.m in Sources */,
				176381231521BBF800BF24A4 /* FMMoveTableViewCell.m in Sources */,
			);
			runOnlyForDeploymentPostprocessing = 0;
		};
/* End PBXSourcesBuildPhase section */

/* Begin PBXVariantGroup section */
		176381031521B9F000BF24A4 /* InfoPlist.strings */ = {
			isa = PBXVariantGroup;
			children = (
				176381041521B9F000BF24A4 /* en */,
			);
			name = InfoPlist.strings;
			sourceTree = "<group>";
		};
		1763810C1521B9F000BF24A4 /* MainStoryboard.storyboard */ = {
			isa = PBXVariantGroup;
			children = (
				1763810D1521B9F000BF24A4 /* en */,
			);
			name = MainStoryboard.storyboard;
			sourceTree = "<group>";
		};
/* End PBXVariantGroup section */

/* Begin XCBuildConfiguration section */
		176381121521B9F000BF24A4 /* Debug */ = {
			isa = XCBuildConfiguration;
			buildSettings = {
				ALWAYS_SEARCH_USER_PATHS = NO;
				ARCHS = "$(ARCHS_STANDARD_32_BIT)";
				CLANG_ENABLE_OBJC_ARC = YES;
				CLANG_WARN_CONSTANT_CONVERSION = YES;
				CLANG_WARN_DEPRECATED_OBJC_IMPLEMENTATIONS = YES;
				CLANG_WARN_INT_CONVERSION = YES;
				CLANG_WARN__DUPLICATE_METHOD_MATCH = YES;
				"CODE_SIGN_IDENTITY[sdk=iphoneos*]" = "iPhone Developer";
				COPY_PHASE_STRIP = NO;
				GCC_C_LANGUAGE_STANDARD = gnu99;
				GCC_DYNAMIC_NO_PIC = NO;
				GCC_OPTIMIZATION_LEVEL = 0;
				GCC_PREPROCESSOR_DEFINITIONS = (
					"DEBUG=1",
					"$(inherited)",
				);
				GCC_SYMBOLS_PRIVATE_EXTERN = NO;
				GCC_VERSION = com.apple.compilers.llvm.clang.1_0;
				GCC_WARN_ABOUT_RETURN_TYPE = YES;
				GCC_WARN_UNINITIALIZED_AUTOS = YES;
				GCC_WARN_UNUSED_VARIABLE = YES;
				IPHONEOS_DEPLOYMENT_TARGET = 5.1;
				SDKROOT = iphoneos;
			};
			name = Debug;
		};
		176381131521B9F000BF24A4 /* Release */ = {
			isa = XCBuildConfiguration;
			buildSettings = {
				ALWAYS_SEARCH_USER_PATHS = NO;
				ARCHS = "$(ARCHS_STANDARD_32_BIT)";
				CLANG_ENABLE_OBJC_ARC = YES;
				CLANG_WARN_CONSTANT_CONVERSION = YES;
				CLANG_WARN_DEPRECATED_OBJC_IMPLEMENTATIONS = YES;
				CLANG_WARN_INT_CONVERSION = YES;
				CLANG_WARN__DUPLICATE_METHOD_MATCH = YES;
				"CODE_SIGN_IDENTITY[sdk=iphoneos*]" = "iPhone Developer";
				COPY_PHASE_STRIP = YES;
				GCC_C_LANGUAGE_STANDARD = gnu99;
				GCC_VERSION = com.apple.compilers.llvm.clang.1_0;
				GCC_WARN_ABOUT_RETURN_TYPE = YES;
				GCC_WARN_UNINITIALIZED_AUTOS = YES;
				GCC_WARN_UNUSED_VARIABLE = YES;
				IPHONEOS_DEPLOYMENT_TARGET = 5.1;
				OTHER_CFLAGS = "-DNS_BLOCK_ASSERTIONS=1";
				SDKROOT = iphoneos;
				VALIDATE_PRODUCT = YES;
			};
			name = Release;
		};
		176381151521B9F000BF24A4 /* Debug */ = {
			isa = XCBuildConfiguration;
			buildSettings = {
				GCC_PRECOMPILE_PREFIX_HEADER = YES;
				GCC_PREFIX_HEADER = FMMoveTable/Prefix.pch;
				INFOPLIST_FILE = FMMoveTable/Info.plist;
				PRODUCT_NAME = "$(TARGET_NAME)";
				WRAPPER_EXTENSION = app;
			};
			name = Debug;
		};
		176381161521B9F000BF24A4 /* Release */ = {
			isa = XCBuildConfiguration;
			buildSettings = {
				GCC_PRECOMPILE_PREFIX_HEADER = YES;
				GCC_PREFIX_HEADER = FMMoveTable/Prefix.pch;
				INFOPLIST_FILE = FMMoveTable/Info.plist;
				PRODUCT_NAME = "$(TARGET_NAME)";
				WRAPPER_EXTENSION = app;
			};
			name = Release;
		};
/* End XCBuildConfiguration section */

/* Begin XCConfigurationList section */
		176380F01521B9F000BF24A4 /* Build configuration list for PBXProject "FMMoveTable" */ = {
			isa = XCConfigurationList;
			buildConfigurations = (
				176381121521B9F000BF24A4 /* Debug */,
				176381131521B9F000BF24A4 /* Release */,
			);
			defaultConfigurationIsVisible = 0;
			defaultConfigurationName = Release;
		};
		176381141521B9F000BF24A4 /* Build configuration list for PBXNativeTarget "FMMoveTable" */ = {
			isa = XCConfigurationList;
			buildConfigurations = (
				176381151521B9F000BF24A4 /* Debug */,
				176381161521B9F000BF24A4 /* Release */,
			);
			defaultConfigurationIsVisible = 0;
			defaultConfigurationName = Release;
		};
/* End XCConfigurationList section */
	};
	rootObject = 176380ED1521B9F000BF24A4 /* Project object */;
}
